# This file is autogenerated, do not edit; changes may be undone by the next 'dep ensure'.


[[projects]]
  branch = "master"
  name = "github.com/bank-now/bn-common-model"
  packages = ["common/model"]
  revision = "df6e7ad1444f4cc5f3e225934499a62e50e2e484"

[[projects]]
  name = "github.com/golang-plus/errors"
  packages = ["."]
  revision = "a61c34ead85085f3e1b87b8c04e49bbf60c99fb1"
  version = "v1.0.0"

[[projects]]
  name = "github.com/golang-plus/uuid"
  packages = [
    ".",
    "internal",
    "internal/dcesecurity",
    "internal/namebased",
    "internal/namebased/md5",
    "internal/namebased/sha1",
    "internal/random",
    "internal/timebased"
  ]
  revision = "a0510c37ef1f49c8290c3a9911d0f7f9ed24d335"
  version = "v1.0.0"

[[projects]]
  branch = "master"
  name = "github.com/golang/snappy"
  packages = ["."]
  revision = "2e65f85255dbc3072edf28d6b5b8efc472979f5a"

[[projects]]
  name = "github.com/nsqio/go-nsq"
  packages = ["."]
  revision = "eee57a3ac4174c55924125bb15eeeda8cffb6e6f"
  version = "v1.0.7"

[solve-meta]
  analyzer-name = "dep"
  analyzer-version = 1
  inputs-digest = "386d21ddcb78b4effa3061d778eddd7d08b90746d3b54caf30850e60158cdea6"
  solver-name = "gps-cdcl"
  solver-version = 1
